
Microsoft Visual Studio Solution File, Format Version 12.00
# Visual Studio Version 17
VisualStudioVersion = 17.7.34009.444
MinimumVisualStudioVersion = 10.0.40219.1
Project("{FAE04EC0-301F-11D3-BF4B-00C04F79EFBC}") = "WebAPI", "WebAPI\WebAPI.csproj", "{0A42D170-7077-4847-BAA5-6B338F99BF8A}"
EndProject
Global
	GlobalSection(SolutionConfigurationPlatforms) = preSolution
		Debug|Any CPU = Debug|Any CPU
		Release|Any CPU = Release|Any CPU
	EndGlobalSection
	GlobalSection(ProjectConfigurationPlatforms) = postSolution
		{0A42D170-7077-4847-BAA5-6B338F99BF8A}.Debug|Any CPU.ActiveCfg = Debug|Any CPU
		{0A42D170-7077-4847-BAA5-6B338F99BF8A}.Debug|Any CPU.Build.0 = Debug|Any CPU
		{0A42D170-7077-4847-BAA5-6B338F99BF8A}.Release|Any CPU.ActiveCfg = Release|Any CPU
		{0A42D170-7077-4847-BAA5-6B338F99BF8A}.Release|Any CPU.Build.0 = Release|Any CPU
	EndGlobalSection
	GlobalSection(SolutionProperties) = preSolution
		HideSolutionNode = FALSE
	EndGlobalSection
	GlobalSection(ExtensibilityGlobals) = postSolution
		SolutionGuid = {3B2EE99C-9BBD-4AA3-9592-960D3C113DF5}
	EndGlobalSection
EndGlobal
